
Microsoft Visual Studio Solution File, Format Version 11.00
# Visual C++ Express 2010
Project("{8BC9CEB8-8B4A-11D0-8D11-00A0C91BC942}") = "lab3", "lab3\lab3.vcxproj", "{051E3DB7-6636-460C-9E5A-B50304097B4E}"
	ProjectSection(ProjectDependencies) = postProject
		{E9C3A2B0-8514-4A3B-87FE-2E72F3D0DA02} = {E9C3A2B0-8514-4A3B-87FE-2E72F3D0DA02}
	EndProjectSection
EndProject
Project("{8BC9CEB8-8B4A-11D0-8D11-00A0C91BC942}") = "lab3_dll", "lab3_dll\lab3_dll.vcxproj", "{E9C3A2B0-8514-4A3B-87FE-2E72F3D0DA02}"
EndProject
Global
	GlobalSection(SolutionConfigurationPlatforms) = preSolution
		Debug|Win32 = Debug|Win32
		Release|Win32 = Release|Win32
	EndGlobalSection
	GlobalSection(ProjectConfigurationPlatforms) = postSolution
		{051E3DB7-6636-460C-9E5A-B50304097B4E}.Debug|Win32.ActiveCfg = Debug|Win32
		{051E3DB7-6636-460C-9E5A-B50304097B4E}.Debug|Win32.Build.0 = Debug|Win32
		{051E3DB7-6636-460C-9E5A-B50304097B4E}.Release|Win32.ActiveCfg = Release|Win32
		{051E3DB7-6636-460C-9E5A-B50304097B4E}.Release|Win32.Build.0 = Release|Win32
		{E9C3A2B0-8514-4A3B-87FE-2E72F3D0DA02}.Debug|Win32.ActiveCfg = Debug|Win32
		{E9C3A2B0-8514-4A3B-87FE-2E72F3D0DA02}.Debug|Win32.Build.0 = Debug|Win32
		{E9C3A2B0-8514-4A3B-87FE-2E72F3D0DA02}.Release|Win32.ActiveCfg = Release|Win32
		{E9C3A2B0-8514-4A3B-87FE-2E72F3D0DA02}.Release|Win32.Build.0 = Release|Win32
	EndGlobalSection
	GlobalSection(SolutionProperties) = preSolution
		HideSolutionNode = FALSE
	EndGlobalSection
EndGlobal
